
Microsoft Visual Studio Solution File, Format Version 12.00
# Visual Studio Version 17
VisualStudioVersion = 17.11.35303.130
MinimumVisualStudioVersion = 10.0.40219.1
Project("{FAE04EC0-301F-11D3-BF4B-00C04F79EFBC}") = "Calculadora_ahorasi", "Calculadora_ahorasi.csproj", "{F27D461D-F504-469D-ACFD-94FC019F42B3}"
EndProject
Global
	GlobalSection(SolutionConfigurationPlatforms) = preSolution
		Debug|Any CPU = Debug|Any CPU
		Release|Any CPU = Release|Any CPU
	EndGlobalSection
	GlobalSection(ProjectConfigurationPlatforms) = postSolution
		{F27D461D-F504-469D-ACFD-94FC019F42B3}.Debug|Any CPU.ActiveCfg = Debug|Any CPU
		{F27D461D-F504-469D-ACFD-94FC019F42B3}.Debug|Any CPU.Build.0 = Debug|Any CPU
		{F27D461D-F504-469D-ACFD-94FC019F42B3}.Release|Any CPU.ActiveCfg = Release|Any CPU
		{F27D461D-F504-469D-ACFD-94FC019F42B3}.Release|Any CPU.Build.0 = Release|Any CPU
	EndGlobalSection
	GlobalSection(SolutionProperties) = preSolution
		HideSolutionNode = FALSE
	EndGlobalSection
	GlobalSection(ExtensibilityGlobals) = postSolution
		SolutionGuid = {B4462F70-F80E-415E-8F38-86E1167AE9F5}
	EndGlobalSection
EndGlobal
